// !$*UTF8*$!
{
	archiveVersion = 1;
	classes = {
	};
	objectVersion = 46;
	objects = {

/* Begin PBXBuildFile section */
		989164551E3FD9120081C9F3 /* AppDelegate.swift in Sources */ = {isa = PBXBuildFile; fileRef = 989164541E3FD9120081C9F3 /* AppDelegate.swift */; };
		989164571E3FD9120081C9F3 /* ViewController.swift in Sources */ = {isa = PBXBuildFile; fileRef = 989164561E3FD9120081C9F3 /* ViewController.swift */; };
		9891645A1E3FD9120081C9F3 /* Main.storyboard in Resources */ = {isa = PBXBuildFile; fileRef = 989164581E3FD9120081C9F3 /* Main.storyboard */; };
		9891645C1E3FD9120081C9F3 /* Assets.xcassets in Resources */ = {isa = PBXBuildFile; fileRef = 9891645B1E3FD9120081C9F3 /* Assets.xcassets */; };
		9891645F1E3FD9120081C9F3 /* LaunchScreen.storyboard in Resources */ = {isa = PBXBuildFile; fileRef = 9891645D1E3FD9120081C9F3 /* LaunchScreen.storyboard */; };
		989164671E3FDF690081C9F3 /* PassengersTableViewController.swift in Sources */ = {isa = PBXBuildFile; fileRef = 989164661E3FDF690081C9F3 /* PassengersTableViewController.swift */; };
		989164691E3FE1480081C9F3 /* PassengerTableViewCell.swift in Sources */ = {isa = PBXBuildFile; fileRef = 989164681E3FE1480081C9F3 /* PassengerTableViewCell.swift */; };
/* End PBXBuildFile section */

/* Begin PBXFileReference section */
		989164511E3FD9120081C9F3 /* swift-rest.app */ = {isa = PBXFileReference; explicitFileType = wrapper.application; includeInIndex = 0; path = "swift-rest.app"; sourceTree = BUILT_PRODUCTS_DIR; };
		989164541E3FD9120081C9F3 /* AppDelegate.swift */ = {isa = PBXFileReference; lastKnownFileType = sourcecode.swift; path = AppDelegate.swift; sourceTree = "<group>"; };
		989164561E3FD9120081C9F3 /* ViewController.swift */ = {isa = PBXFileReference; lastKnownFileType = sourcecode.swift; path = ViewController.swift; sourceTree = "<group>"; };
		989164591E3FD9120081C9F3 /* Base */ = {isa = PBXFileReference; lastKnownFileType = file.storyboard; name = Base; path = Base.lproj/Main.storyboard; sourceTree = "<group>"; };
		9891645B1E3FD9120081C9F3 /* Assets.xcassets */ = {isa = PBXFileReference; lastKnownFileType = folder.assetcatalog; path = Assets.xcassets; sourceTree = "<group>"; };
		9891645E1E3FD9120081C9F3 /* Base */ = {isa = PBXFileReference; lastKnownFileType = file.storyboard; name = Base; path = Base.lproj/LaunchScreen.storyboard; sourceTree = "<group>"; };
		989164601E3FD9120081C9F3 /* Info.plist */ = {isa = PBXFileReference; lastKnownFileType = text.plist.xml; path = Info.plist; sourceTree = "<group>"; };
		989164661E3FDF690081C9F3 /* PassengersTableViewController.swift */ = {isa = PBXFileReference; fileEncoding = 4; lastKnownFileType = sourcecode.swift; path = PassengersTableViewController.swift; sourceTree = "<group>"; };
		989164681E3FE1480081C9F3 /* PassengerTableViewCell.swift */ = {isa = PBXFileReference; fileEncoding = 4; lastKnownFileType = sourcecode.swift; path = PassengerTableViewCell.swift; sourceTree = "<group>"; };
/* End PBXFileReference section */

/* Begin PBXFrameworksBuildPhase section */
		9891644E1E3FD9120081C9F3 /* Frameworks */ = {
			isa = PBXFrameworksBuildPhase;
			buildActionMask = 2147483647;
			files = (
			);
			runOnlyForDeploymentPostprocessing = 0;
		};
/* End PBXFrameworksBuildPhase section */

/* Begin PBXGroup section */
		989164481E3FD9120081C9F3 = {
			isa = PBXGroup;
			children = (
				989164531E3FD9120081C9F3 /* swift-rest */,
				989164521E3FD9120081C9F3 /* Products */,
			);
			sourceTree = "<group>";
		};
		989164521E3FD9120081C9F3 /* Products */ = {
			isa = PBXGroup;
			children = (
				989164511E3FD9120081C9F3 /* swift-rest.app */,
			);
			name = Products;
			sourceTree = "<group>";
		};
		989164531E3FD9120081C9F3 /* swift-rest */ = {
			isa = PBXGroup;
			children = (
				989164541E3FD9120081C9F3 /* AppDelegate.swift */,
				989164561E3FD9120081C9F3 /* ViewController.swift */,
				989164581E3FD9120081C9F3 /* Main.storyboard */,
				9891645B1E3FD9120081C9F3 /* Assets.xcassets */,
				9891645D1E3FD9120081C9F3 /* LaunchScreen.storyboard */,
				989164601E3FD9120081C9F3 /* Info.plist */,
				989164661E3FDF690081C9F3 /* PassengersTableViewController.swift */,
				989164681E3FE1480081C9F3 /* PassengerTableViewCell.swift */,
			);
			path = "swift-rest";
			sourceTree = "<group>";
		};
/* End PBXGroup section */

/* Begin PBXNativeTarget section */
		989164501E3FD9120081C9F3 /* swift-rest */ = {
			isa = PBXNativeTarget;
			buildConfigurationList = 989164631E3FD9120081C9F3 /* Build configuration list for PBXNativeTarget "swift-rest" */;
			buildPhases = (
				9891644D1E3FD9120081C9F3 /* Sources */,
				9891644E1E3FD9120081C9F3 /* Frameworks */,
				9891644F1E3FD9120081C9F3 /* Resources */,
			);
			buildRules = (
			);
			dependencies = (
			);
			name = "swift-rest";
			productName = "swift-rest";
			productReference = 989164511E3FD9120081C9F3 /* swift-rest.app */;
			productType = "com.apple.product-type.application";
		};
/* End PBXNativeTarget section */

/* Begin PBXProject section */
		989164491E3FD9120081C9F3 /* Project object */ = {
			isa = PBXProject;
			attributes = {
				LastSwiftUpdateCheck = 0820;
				LastUpgradeCheck = 0820;
				ORGANIZATIONNAME = "Victor Yelnikoff";
				TargetAttributes = {
					989164501E3FD9120081C9F3 = {
						CreatedOnToolsVersion = 8.2.1;
						DevelopmentTeam = 923A99936H;
						ProvisioningStyle = Automatic;
					};
				};
			};
			buildConfigurationList = 9891644C1E3FD9120081C9F3 /* Build configuration list for PBXProject "swift-rest" */;
			compatibilityVersion = "Xcode 3.2";
			developmentRegion = English;
			hasScannedForEncodings = 0;
			knownRegions = (
				en,
				Base,
			);
			mainGroup = 989164481E3FD9120081C9F3;
			productRefGroup = 989164521E3FD9120081C9F3 /* Products */;
			projectDirPath = "";
			projectRoot = "";
			targets = (
				989164501E3FD9120081C9F3 /* swift-rest */,
			);
		};
/* End PBXProject section */

/* Begin PBXResourcesBuildPhase section */
		9891644F1E3FD9120081C9F3 /* Resources */ = {
			isa = PBXResourcesBuildPhase;
			buildActionMask = 2147483647;
			files = (
				9891645F1E3FD9120081C9F3 /* LaunchScreen.storyboard in Resources */,
				9891645C1E3FD9120081C9F3 /* Assets.xcassets in Resources */,
				9891645A1E3FD9120081C9F3 /* Main.storyboard in Resources */,
			);
			runOnlyForDeploymentPostprocessing = 0;
		};
/* End PBXResourcesBuildPhase section */

/* Begin PBXSourcesBuildPhase section */
		9891644D1E3FD9120081C9F3 /* Sources */ = {
			isa = PBXSourcesBuildPhase;
			buildActionMask = 2147483647;
			files = (
				989164571E3FD9120081C9F3 /* ViewController.swift in Sources */,
				989164551E3FD9120081C9F3 /* AppDelegate.swift in Sources */,
				989164691E3FE1480081C9F3 /* PassengerTableViewCell.swift in Sources */,
				989164671E3FDF690081C9F3 /* PassengersTableViewController.swift in Sources */,
			);
			runOnlyForDeploymentPostprocessing = 0;
		};
/* End PBXSourcesBuildPhase section */

/* Begin PBXVariantGroup section */
		989164581E3FD9120081C9F3 /* Main.storyboard */ = {
			isa = PBXVariantGroup;
			children = (
				989164591E3FD9120081C9F3 /* Base */,
			);
			name = Main.storyboard;
			sourceTree = "<group>";
		};
		9891645D1E3FD9120081C9F3 /* LaunchScreen.storyboard */ = {
			isa = PBXVariantGroup;
			children = (
				9891645E1E3FD9120081C9F3 /* Base */,
			);
			name = LaunchScreen.storyboard;
			sourceTree = "<group>";
		};
/* End PBXVariantGroup section */

/* Begin XCBuildConfiguration section */
		989164611E3FD9120081C9F3 /* Debug */ = {
			isa = XCBuildConfiguration;
			buildSettings = {
				ALWAYS_SEARCH_USER_PATHS = NO;
				CLANG_ANALYZER_NONNULL = YES;
				CLANG_CXX_LANGUAGE_STANDARD = "gnu++0x";
				CLANG_CXX_LIBRARY = "libc++";
				CLANG_ENABLE_MODULES = YES;
				CLANG_ENABLE_OBJC_ARC = YES;
				CLANG_WARN_BOOL_CONVERSION = YES;
				CLANG_WARN_CONSTANT_CONVERSION = YES;
				CLANG_WARN_DIRECT_OBJC_ISA_USAGE = YES_ERROR;
				CLANG_WARN_DOCUMENTATION_COMMENTS = YES;
				CLANG_WARN_EMPTY_BODY = YES;
				CLANG_WARN_ENUM_CONVERSION = YES;
				CLANG_WARN_INFINITE_RECURSION = YES;
				CLANG_WARN_INT_CONVERSION = YES;
				CLANG_WARN_OBJC_ROOT_CLASS = YES_ERROR;
				CLANG_WARN_SUSPICIOUS_MOVE = YES;
				CLANG_WARN_UNREACHABLE_CODE = YES;
				CLANG_WARN__DUPLICATE_METHOD_MATCH = YES;
				"CODE_SIGN_IDENTITY[sdk=iphoneos*]" = "iPhone Developer";
				COPY_PHASE_STRIP = NO;
				DEBUG_INFORMATION_FORMAT = dwarf;
				ENABLE_STRICT_OBJC_MSGSEND = YES;
				ENABLE_TESTABILITY = YES;
				GCC_C_LANGUAGE_STANDARD = gnu99;
				GCC_DYNAMIC_NO_PIC = NO;
				GCC_NO_COMMON_BLOCKS = YES;
				GCC_OPTIMIZATION_LEVEL = 0;
				GCC_PREPROCESSOR_DEFINITIONS = (
					"DEBUG=1",
					"$(inherited)",
				);
				GCC_WARN_64_TO_32_BIT_CONVERSION = YES;
				GCC_WARN_ABOUT_RETURN_TYPE = YES_ERROR;
				GCC_WARN_UNDECLARED_SELECTOR = YES;
				GCC_WARN_UNINITIALIZED_AUTOS = YES_AGGRESSIVE;
				GCC_WARN_UNUSED_FUNCTION = YES;
				GCC_WARN_UNUSED_VARIABLE = YES;
				IPHONEOS_DEPLOYMENT_TARGET = 10.2;
				MTL_ENABLE_DEBUG_INFO = YES;
				ONLY_ACTIVE_ARCH = YES;
				SDKROOT = iphoneos;
				SWIFT_ACTIVE_COMPILATION_CONDITIONS = DEBUG;
				SWIFT_OPTIMIZATION_LEVEL = "-Onone";
			};
			name = Debug;
		};
		989164621E3FD9120081C9F3 /* Release */ = {
			isa = XCBuildConfiguration;
			buildSettings = {
				ALWAYS_SEARCH_USER_PATHS = NO;
				CLANG_ANALYZER_NONNULL = YES;
				CLANG_CXX_LANGUAGE_STANDARD = "gnu++0x";
				CLANG_CXX_LIBRARY = "libc++";
				CLANG_ENABLE_MODULES = YES;
				CLANG_ENABLE_OBJC_ARC = YES;
				CLANG_WARN_BOOL_CONVERSION = YES;
				CLANG_WARN_CONSTANT_CONVERSION = YES;
				CLANG_WARN_DIRECT_OBJC_ISA_USAGE = YES_ERROR;
				CLANG_WARN_DOCUMENTATION_COMMENTS = YES;
				CLANG_WARN_EMPTY_BODY = YES;
				CLANG_WARN_ENUM_CONVERSION = YES;
				CLANG_WARN_INFINITE_RECURSION = YES;
				CLANG_WARN_INT_CONVERSION = YES;
				CLANG_WARN_OBJC_ROOT_CLASS = YES_ERROR;
				CLANG_WARN_SUSPICIOUS_MOVE = YES;
				CLANG_WARN_UNREACHABLE_CODE = YES;
				CLANG_WARN__DUPLICATE_METHOD_MATCH = YES;
				"CODE_SIGN_IDENTITY[sdk=iphoneos*]" = "iPhone Developer";
				COPY_PHASE_STRIP = NO;
				DEBUG_INFORMATION_FORMAT = "dwarf-with-dsym";
				ENABLE_NS_ASSERTIONS = NO;
				ENABLE_STRICT_OBJC_MSGSEND = YES;
				GCC_C_LANGUAGE_STANDARD = gnu99;
				GCC_NO_COMMON_BLOCKS = YES;
				GCC_WARN_64_TO_32_BIT_CONVERSION = YES;
				GCC_WARN_ABOUT_RETURN_TYPE = YES_ERROR;
				GCC_WARN_UNDECLARED_SELECTOR = YES;
				GCC_WARN_UNINITIALIZED_AUTOS = YES_AGGRESSIVE;
				GCC_WARN_UNUSED_FUNCTION = YES;
				GCC_WARN_UNUSED_VARIABLE = YES;
				IPHONEOS_DEPLOYMENT_TARGET = 10.2;
				MTL_ENABLE_DEBUG_INFO = NO;
				SDKROOT = iphoneos;
				SWIFT_OPTIMIZATION_LEVEL = "-Owholemodule";
				VALIDATE_PRODUCT = YES;
			};
			name = Release;
		};
		989164641E3FD9120081C9F3 /* Debug */ = {
			isa = XCBuildConfiguration;
			buildSettings = {
				ASSETCATALOG_COMPILER_APPICON_NAME = AppIcon;
				DEVELOPMENT_TEAM = 923A99936H;
				INFOPLIST_FILE = "swift-rest/Info.plist";
				LD_RUNPATH_SEARCH_PATHS = "$(inherited) @executable_path/Frameworks";
				PRODUCT_BUNDLE_IDENTIFIER = "at.fh.swift-rest";
				PRODUCT_NAME = "$(TARGET_NAME)";
				SWIFT_VERSION = 3.0;
			};
			name = Debug;
		};
		989164651E3FD9120081C9F3 /* Release */ = {
			isa = XCBuildConfiguration;
			buildSettings = {
				ASSETCATALOG_COMPILER_APPICON_NAME = AppIcon;
				DEVELOPMENT_TEAM = 923A99936H;
				INFOPLIST_FILE = "swift-rest/Info.plist";
				LD_RUNPATH_SEARCH_PATHS = "$(inherited) @executable_path/Frameworks";
				PRODUCT_BUNDLE_IDENTIFIER = "at.fh.swift-rest";
				PRODUCT_NAME = "$(TARGET_NAME)";
				SWIFT_VERSION = 3.0;
			};
			name = Release;
		};
/* End XCBuildConfiguration section */

/* Begin XCConfigurationList section */
		9891644C1E3FD9120081C9F3 /* Build configuration list for PBXProject "swift-rest" */ = {
			isa = XCConfigurationList;
			buildConfigurations = (
				989164611E3FD9120081C9F3 /* Debug */,
				989164621E3FD9120081C9F3 /* Release */,
			);
			defaultConfigurationIsVisible = 0;
			defaultConfigurationName = Release;
		};
		989164631E3FD9120081C9F3 /* Build configuration list for PBXNativeTarget "swift-rest" */ = {
			isa = XCConfigurationList;
			buildConfigurations = (
				989164641E3FD9120081C9F3 /* Debug */,
				989164651E3FD9120081C9F3 /* Release */,
			);
			defaultConfigurationIsVisible = 0;
		};
/* End XCConfigurationList section */
	};
	rootObject = 989164491E3FD9120081C9F3 /* Project object */;
}
